
Microsoft Visual Studio Solution File, Format Version 12.00
# Visual Studio Version 17
VisualStudioVersion = 17.7.34031.279
MinimumVisualStudioVersion = 10.0.40219.1
Project("{FAE04EC0-301F-11D3-BF4B-00C04F79EFBC}") = "CodingWiki_Web", "CodingWiki_Web\CodingWiki_Web.csproj", "{D572F83C-306F-492E-BD2D-FE8A42C89242}"
EndProject
Project("{FAE04EC0-301F-11D3-BF4B-00C04F79EFBC}") = "CodingWiki_DataAcces", "CodingWiki_DataAcces\CodingWiki_DataAcces.csproj", "{B00C9C17-F364-430C-8B68-0CC3195B5920}"
EndProject
Project("{FAE04EC0-301F-11D3-BF4B-00C04F79EFBC}") = "CodingWiki_Model", "CodingWiki_Model\CodingWiki_Model.csproj", "{AA0D7E7E-AD02-4DA9-A529-08C41FB37863}"
EndProject
Project("{FAE04EC0-301F-11D3-BF4B-00C04F79EFBC}") = "CodingWiki_Console", "CodingWiki_Console\CodingWiki_Console.csproj", "{CE18005C-B848-43B9-BCDC-8BAD06DA8713}"
EndProject
Global
	GlobalSection(SolutionConfigurationPlatforms) = preSolution
		Debug|Any CPU = Debug|Any CPU
		Release|Any CPU = Release|Any CPU
	EndGlobalSection
	GlobalSection(ProjectConfigurationPlatforms) = postSolution
		{D572F83C-306F-492E-BD2D-FE8A42C89242}.Debug|Any CPU.ActiveCfg = Debug|Any CPU
		{D572F83C-306F-492E-BD2D-FE8A42C89242}.Debug|Any CPU.Build.0 = Debug|Any CPU
		{D572F83C-306F-492E-BD2D-FE8A42C89242}.Release|Any CPU.ActiveCfg = Release|Any CPU
		{D572F83C-306F-492E-BD2D-FE8A42C89242}.Release|Any CPU.Build.0 = Release|Any CPU
		{B00C9C17-F364-430C-8B68-0CC3195B5920}.Debug|Any CPU.ActiveCfg = Debug|Any CPU
		{B00C9C17-F364-430C-8B68-0CC3195B5920}.Debug|Any CPU.Build.0 = Debug|Any CPU
		{B00C9C17-F364-430C-8B68-0CC3195B5920}.Release|Any CPU.ActiveCfg = Release|Any CPU
		{B00C9C17-F364-430C-8B68-0CC3195B5920}.Release|Any CPU.Build.0 = Release|Any CPU
		{AA0D7E7E-AD02-4DA9-A529-08C41FB37863}.Debug|Any CPU.ActiveCfg = Debug|Any CPU
		{AA0D7E7E-AD02-4DA9-A529-08C41FB37863}.Debug|Any CPU.Build.0 = Debug|Any CPU
		{AA0D7E7E-AD02-4DA9-A529-08C41FB37863}.Release|Any CPU.ActiveCfg = Release|Any CPU
		{AA0D7E7E-AD02-4DA9-A529-08C41FB37863}.Release|Any CPU.Build.0 = Release|Any CPU
		{CE18005C-B848-43B9-BCDC-8BAD06DA8713}.Debug|Any CPU.ActiveCfg = Debug|Any CPU
		{CE18005C-B848-43B9-BCDC-8BAD06DA8713}.Debug|Any CPU.Build.0 = Debug|Any CPU
		{CE18005C-B848-43B9-BCDC-8BAD06DA8713}.Release|Any CPU.ActiveCfg = Release|Any CPU
		{CE18005C-B848-43B9-BCDC-8BAD06DA8713}.Release|Any CPU.Build.0 = Release|Any CPU
	EndGlobalSection
	GlobalSection(SolutionProperties) = preSolution
		HideSolutionNode = FALSE
	EndGlobalSection
	GlobalSection(ExtensibilityGlobals) = postSolution
		SolutionGuid = {7510D758-D63A-4F07-B884-E6699B16077F}
	EndGlobalSection
EndGlobal
